
Microsoft Visual Studio Solution File, Format Version 12.00
# Visual Studio 2013
VisualStudioVersion = 12.0.30501.0
MinimumVisualStudioVersion = 10.0.40219.1
Project("{FAE04EC0-301F-11D3-BF4B-00C04F79EFBC}") = "cfiXML_XLS_Handler", "cfiXML_XLS_Handler\cfiXML_XLS_Handler.csproj", "{3BE9157F-D33C-43D4-B96F-79BD639BE67E}"
	ProjectSection(ProjectDependencies) = postProject
		{B2B87E89-995E-4047-8183-D69B068DA57E} = {B2B87E89-995E-4047-8183-D69B068DA57E}
	EndProjectSection
EndProject
Project("{FAE04EC0-301F-11D3-BF4B-00C04F79EFBC}") = "cfiXML_Classes_Test", "cfXML_Classes_Test\cfiXML_Classes_Test.csproj", "{5D7E74D1-5886-405B-A4CF-D2C0D0C44A30}"
	ProjectSection(ProjectDependencies) = postProject
		{1E1D6319-7076-48D1-B1EC-2492F2E91891} = {1E1D6319-7076-48D1-B1EC-2492F2E91891}
		{3AB67470-1EC6-4AF3-AAB4-BB913703EDD0} = {3AB67470-1EC6-4AF3-AAB4-BB913703EDD0}
		{3BE9157F-D33C-43D4-B96F-79BD639BE67E} = {3BE9157F-D33C-43D4-B96F-79BD639BE67E}
	EndProjectSection
EndProject
Project("{FAE04EC0-301F-11D3-BF4B-00C04F79EFBC}") = "cfiXML_Model", "Model\cfiXML_Model.csproj", "{B2B87E89-995E-4047-8183-D69B068DA57E}"
EndProject
Project("{FAE04EC0-301F-11D3-BF4B-00C04F79EFBC}") = "cfiXML_Map_Reader", "cfiXML_Map_Reader\cfiXML_Map_Reader.csproj", "{3AB67470-1EC6-4AF3-AAB4-BB913703EDD0}"
	ProjectSection(ProjectDependencies) = postProject
		{3BE9157F-D33C-43D4-B96F-79BD639BE67E} = {3BE9157F-D33C-43D4-B96F-79BD639BE67E}
		{B2B87E89-995E-4047-8183-D69B068DA57E} = {B2B87E89-995E-4047-8183-D69B068DA57E}
	EndProjectSection
EndProject
Project("{FAE04EC0-301F-11D3-BF4B-00C04F79EFBC}") = "cfiXML_DataSheetApp", "cfiXML_DataSheetApp\cfiXML_DataSheetApp.csproj", "{B9D1FAE6-A8DB-487C-8C90-9C990124B5A6}"
	ProjectSection(ProjectDependencies) = postProject
		{3AB67470-1EC6-4AF3-AAB4-BB913703EDD0} = {3AB67470-1EC6-4AF3-AAB4-BB913703EDD0}
		{3BE9157F-D33C-43D4-B96F-79BD639BE67E} = {3BE9157F-D33C-43D4-B96F-79BD639BE67E}
		{B2B87E89-995E-4047-8183-D69B068DA57E} = {B2B87E89-995E-4047-8183-D69B068DA57E}
	EndProjectSection
EndProject
Project("{FAE04EC0-301F-11D3-BF4B-00C04F79EFBC}") = "cfiXML_API", "cfiXML_API\cfiXML_API.csproj", "{1E1D6319-7076-48D1-B1EC-2492F2E91891}"
EndProject
Project("{FAE04EC0-301F-11D3-BF4B-00C04F79EFBC}") = "cfiXML_ExeForExcel", "cfiXML_ExecutableToIncorporateOnExcel\cfiXML_ExeForExcel.csproj", "{92127423-2D2D-4D09-85B1-BE8FED8D7880}"
	ProjectSection(ProjectDependencies) = postProject
		{B9D1FAE6-A8DB-487C-8C90-9C990124B5A6} = {B9D1FAE6-A8DB-487C-8C90-9C990124B5A6}
	EndProjectSection
EndProject
Global
	GlobalSection(SolutionConfigurationPlatforms) = preSolution
		Debug|Any CPU = Debug|Any CPU
		Debug|Mixed Platforms = Debug|Mixed Platforms
		Debug|x86 = Debug|x86
		Release|Any CPU = Release|Any CPU
		Release|Mixed Platforms = Release|Mixed Platforms
		Release|x86 = Release|x86
	EndGlobalSection
	GlobalSection(ProjectConfigurationPlatforms) = postSolution
		{3BE9157F-D33C-43D4-B96F-79BD639BE67E}.Debug|Any CPU.ActiveCfg = Debug|Any CPU
		{3BE9157F-D33C-43D4-B96F-79BD639BE67E}.Debug|Any CPU.Build.0 = Debug|Any CPU
		{3BE9157F-D33C-43D4-B96F-79BD639BE67E}.Debug|Mixed Platforms.ActiveCfg = Debug|Any CPU
		{3BE9157F-D33C-43D4-B96F-79BD639BE67E}.Debug|Mixed Platforms.Build.0 = Debug|Any CPU
		{3BE9157F-D33C-43D4-B96F-79BD639BE67E}.Debug|x86.ActiveCfg = Debug|Any CPU
		{3BE9157F-D33C-43D4-B96F-79BD639BE67E}.Release|Any CPU.ActiveCfg = Release|Any CPU
		{3BE9157F-D33C-43D4-B96F-79BD639BE67E}.Release|Any CPU.Build.0 = Release|Any CPU
		{3BE9157F-D33C-43D4-B96F-79BD639BE67E}.Release|Mixed Platforms.ActiveCfg = Release|Any CPU
		{3BE9157F-D33C-43D4-B96F-79BD639BE67E}.Release|Mixed Platforms.Build.0 = Release|Any CPU
		{3BE9157F-D33C-43D4-B96F-79BD639BE67E}.Release|x86.ActiveCfg = Release|Any CPU
		{5D7E74D1-5886-405B-A4CF-D2C0D0C44A30}.Debug|Any CPU.ActiveCfg = Debug|x86
		{5D7E74D1-5886-405B-A4CF-D2C0D0C44A30}.Debug|Mixed Platforms.ActiveCfg = Debug|x86
		{5D7E74D1-5886-405B-A4CF-D2C0D0C44A30}.Debug|Mixed Platforms.Build.0 = Debug|x86
		{5D7E74D1-5886-405B-A4CF-D2C0D0C44A30}.Debug|x86.ActiveCfg = Debug|x86
		{5D7E74D1-5886-405B-A4CF-D2C0D0C44A30}.Debug|x86.Build.0 = Debug|x86
		{5D7E74D1-5886-405B-A4CF-D2C0D0C44A30}.Release|Any CPU.ActiveCfg = Release|x86
		{5D7E74D1-5886-405B-A4CF-D2C0D0C44A30}.Release|Mixed Platforms.ActiveCfg = Release|x86
		{5D7E74D1-5886-405B-A4CF-D2C0D0C44A30}.Release|Mixed Platforms.Build.0 = Release|x86
		{5D7E74D1-5886-405B-A4CF-D2C0D0C44A30}.Release|x86.ActiveCfg = Release|x86
		{5D7E74D1-5886-405B-A4CF-D2C0D0C44A30}.Release|x86.Build.0 = Release|x86
		{B2B87E89-995E-4047-8183-D69B068DA57E}.Debug|Any CPU.ActiveCfg = Debug|Any CPU
		{B2B87E89-995E-4047-8183-D69B068DA57E}.Debug|Any CPU.Build.0 = Debug|Any CPU
		{B2B87E89-995E-4047-8183-D69B068DA57E}.Debug|Mixed Platforms.ActiveCfg = Debug|Any CPU
		{B2B87E89-995E-4047-8183-D69B068DA57E}.Debug|Mixed Platforms.Build.0 = Debug|Any CPU
		{B2B87E89-995E-4047-8183-D69B068DA57E}.Debug|x86.ActiveCfg = Debug|Any CPU
		{B2B87E89-995E-4047-8183-D69B068DA57E}.Release|Any CPU.ActiveCfg = Release|Any CPU
		{B2B87E89-995E-4047-8183-D69B068DA57E}.Release|Any CPU.Build.0 = Release|Any CPU
		{B2B87E89-995E-4047-8183-D69B068DA57E}.Release|Mixed Platforms.ActiveCfg = Release|Any CPU
		{B2B87E89-995E-4047-8183-D69B068DA57E}.Release|Mixed Platforms.Build.0 = Release|Any CPU
		{B2B87E89-995E-4047-8183-D69B068DA57E}.Release|x86.ActiveCfg = Release|Any CPU
		{3AB67470-1EC6-4AF3-AAB4-BB913703EDD0}.Debug|Any CPU.ActiveCfg = Debug|Any CPU
		{3AB67470-1EC6-4AF3-AAB4-BB913703EDD0}.Debug|Any CPU.Build.0 = Debug|Any CPU
		{3AB67470-1EC6-4AF3-AAB4-BB913703EDD0}.Debug|Mixed Platforms.ActiveCfg = Debug|Any CPU
		{3AB67470-1EC6-4AF3-AAB4-BB913703EDD0}.Debug|Mixed Platforms.Build.0 = Debug|Any CPU
		{3AB67470-1EC6-4AF3-AAB4-BB913703EDD0}.Debug|x86.ActiveCfg = Debug|Any CPU
		{3AB67470-1EC6-4AF3-AAB4-BB913703EDD0}.Release|Any CPU.ActiveCfg = Release|Any CPU
		{3AB67470-1EC6-4AF3-AAB4-BB913703EDD0}.Release|Any CPU.Build.0 = Release|Any CPU
		{3AB67470-1EC6-4AF3-AAB4-BB913703EDD0}.Release|Mixed Platforms.ActiveCfg = Release|Any CPU
		{3AB67470-1EC6-4AF3-AAB4-BB913703EDD0}.Release|Mixed Platforms.Build.0 = Release|Any CPU
		{3AB67470-1EC6-4AF3-AAB4-BB913703EDD0}.Release|x86.ActiveCfg = Release|Any CPU
		{B9D1FAE6-A8DB-487C-8C90-9C990124B5A6}.Debug|Any CPU.ActiveCfg = Debug|Any CPU
		{B9D1FAE6-A8DB-487C-8C90-9C990124B5A6}.Debug|Any CPU.Build.0 = Debug|Any CPU
		{B9D1FAE6-A8DB-487C-8C90-9C990124B5A6}.Debug|Mixed Platforms.ActiveCfg = Debug|Any CPU
		{B9D1FAE6-A8DB-487C-8C90-9C990124B5A6}.Debug|Mixed Platforms.Build.0 = Debug|Any CPU
		{B9D1FAE6-A8DB-487C-8C90-9C990124B5A6}.Debug|x86.ActiveCfg = Debug|Any CPU
		{B9D1FAE6-A8DB-487C-8C90-9C990124B5A6}.Release|Any CPU.ActiveCfg = Release|Any CPU
		{B9D1FAE6-A8DB-487C-8C90-9C990124B5A6}.Release|Any CPU.Build.0 = Release|Any CPU
		{B9D1FAE6-A8DB-487C-8C90-9C990124B5A6}.Release|Mixed Platforms.ActiveCfg = Release|Any CPU
		{B9D1FAE6-A8DB-487C-8C90-9C990124B5A6}.Release|Mixed Platforms.Build.0 = Release|Any CPU
		{B9D1FAE6-A8DB-487C-8C90-9C990124B5A6}.Release|x86.ActiveCfg = Release|Any CPU
		{1E1D6319-7076-48D1-B1EC-2492F2E91891}.Debug|Any CPU.ActiveCfg = Debug|x86
		{1E1D6319-7076-48D1-B1EC-2492F2E91891}.Debug|Mixed Platforms.ActiveCfg = Debug|x86
		{1E1D6319-7076-48D1-B1EC-2492F2E91891}.Debug|Mixed Platforms.Build.0 = Debug|x86
		{1E1D6319-7076-48D1-B1EC-2492F2E91891}.Debug|x86.ActiveCfg = Debug|x86
		{1E1D6319-7076-48D1-B1EC-2492F2E91891}.Debug|x86.Build.0 = Debug|x86
		{1E1D6319-7076-48D1-B1EC-2492F2E91891}.Release|Any CPU.ActiveCfg = Release|x86
		{1E1D6319-7076-48D1-B1EC-2492F2E91891}.Release|Mixed Platforms.ActiveCfg = Release|x86
		{1E1D6319-7076-48D1-B1EC-2492F2E91891}.Release|Mixed Platforms.Build.0 = Release|x86
		{1E1D6319-7076-48D1-B1EC-2492F2E91891}.Release|x86.ActiveCfg = Release|x86
		{1E1D6319-7076-48D1-B1EC-2492F2E91891}.Release|x86.Build.0 = Release|x86
		{92127423-2D2D-4D09-85B1-BE8FED8D7880}.Debug|Any CPU.ActiveCfg = Debug|x86
		{92127423-2D2D-4D09-85B1-BE8FED8D7880}.Debug|Mixed Platforms.ActiveCfg = Debug|x86
		{92127423-2D2D-4D09-85B1-BE8FED8D7880}.Debug|Mixed Platforms.Build.0 = Debug|x86
		{92127423-2D2D-4D09-85B1-BE8FED8D7880}.Debug|x86.ActiveCfg = Debug|x86
		{92127423-2D2D-4D09-85B1-BE8FED8D7880}.Debug|x86.Build.0 = Debug|x86
		{92127423-2D2D-4D09-85B1-BE8FED8D7880}.Release|Any CPU.ActiveCfg = Release|x86
		{92127423-2D2D-4D09-85B1-BE8FED8D7880}.Release|Mixed Platforms.ActiveCfg = Release|x86
		{92127423-2D2D-4D09-85B1-BE8FED8D7880}.Release|Mixed Platforms.Build.0 = Release|x86
		{92127423-2D2D-4D09-85B1-BE8FED8D7880}.Release|x86.ActiveCfg = Release|x86
		{92127423-2D2D-4D09-85B1-BE8FED8D7880}.Release|x86.Build.0 = Release|x86
	EndGlobalSection
	GlobalSection(SolutionProperties) = preSolution
		HideSolutionNode = FALSE
	EndGlobalSection
EndGlobal
